
Microsoft Visual Studio Solution File, Format Version 12.00
# Visual Studio 15
VisualStudioVersion = 15.0.27130.2027
MinimumVisualStudioVersion = 10.0.40219.1
Project("{FAE04EC0-301F-11D3-BF4B-00C04F79EFBC}") = "smtpClient", "smtpClient\smtpClient.csproj", "{DB28EA3A-BEA0-4B09-B2C3-DC6971C792BE}"
EndProject
Global
	GlobalSection(SolutionConfigurationPlatforms) = preSolution
		Debug|Any CPU = Debug|Any CPU
		Release|Any CPU = Release|Any CPU
	EndGlobalSection
	GlobalSection(ProjectConfigurationPlatforms) = postSolution
		{DB28EA3A-BEA0-4B09-B2C3-DC6971C792BE}.Debug|Any CPU.ActiveCfg = Debug|Any CPU
		{DB28EA3A-BEA0-4B09-B2C3-DC6971C792BE}.Debug|Any CPU.Build.0 = Debug|Any CPU
		{DB28EA3A-BEA0-4B09-B2C3-DC6971C792BE}.Release|Any CPU.ActiveCfg = Release|Any CPU
		{DB28EA3A-BEA0-4B09-B2C3-DC6971C792BE}.Release|Any CPU.Build.0 = Release|Any CPU
	EndGlobalSection
	GlobalSection(SolutionProperties) = preSolution
		HideSolutionNode = FALSE
	EndGlobalSection
	GlobalSection(ExtensibilityGlobals) = postSolution
		SolutionGuid = {541D40CA-CFDF-4467-AC54-A960A08050B3}
	EndGlobalSection
EndGlobal
